
Microsoft Visual Studio Solution File, Format Version 12.00
# Visual Studio Version 17
VisualStudioVersion = 17.9.34714.143
MinimumVisualStudioVersion = 10.0.40219.1
Project("{FAE04EC0-301F-11D3-BF4B-00C04F79EFBC}") = "kis", "kis\kis.csproj", "{20266736-1DFE-4B01-AF17-480D99F3AEA7}"
EndProject
Global
	GlobalSection(SolutionConfigurationPlatforms) = preSolution
		Debug|Any CPU = Debug|Any CPU
		Release|Any CPU = Release|Any CPU
	EndGlobalSection
	GlobalSection(ProjectConfigurationPlatforms) = postSolution
		{20266736-1DFE-4B01-AF17-480D99F3AEA7}.Debug|Any CPU.ActiveCfg = Debug|Any CPU
		{20266736-1DFE-4B01-AF17-480D99F3AEA7}.Debug|Any CPU.Build.0 = Debug|Any CPU
		{20266736-1DFE-4B01-AF17-480D99F3AEA7}.Release|Any CPU.ActiveCfg = Release|Any CPU
		{20266736-1DFE-4B01-AF17-480D99F3AEA7}.Release|Any CPU.Build.0 = Release|Any CPU
	EndGlobalSection
	GlobalSection(SolutionProperties) = preSolution
		HideSolutionNode = FALSE
	EndGlobalSection
	GlobalSection(ExtensibilityGlobals) = postSolution
		SolutionGuid = {998CA38B-10AF-454F-A72C-2AA9FD39C7E9}
	EndGlobalSection
EndGlobal
